{
  "requires": true,
  "lockfileVersion": 1,
  "dependencies": {
    "vue-tabs-component": {
      "version": "1.5.0",
      "resolved": "https://registry.npmjs.org/vue-tabs-component/-/vue-tabs-component-1.5.0.tgz",
      "integrity": "sha512-ld4p+hv49Fimw+zv/7GQqMhbjAHjpbWF3UiJtmMaSnvLKbsB1ysfs9dQH0SZ8NvdYpqqKay/VLIqR9yXgse1Sg=="
    }
  }
}
